{
  "object": {
    "pins": [
      {
        "package": "swift-argument-parser",
        "repositoryURL": "https://github.com/apple/swift-argument-parser",
        "state": {
          "branch": null,
          "revision": "83b23d940471b313427da226196661856f6ba3e0",
          "version": "0.4.4"
        }
      },
      {
        "package": "swift-commands",
        "repositoryURL": "https://github.com/qiuzhifei/swift-commands",
        "state": {
          "branch": null,
          "revision": "3453f8246b4d2ebbdb4d32902a56d483e48edd74",
          "version": "0.4.0"
        }
      }
    ]
  },
  "version": 1
}
