{
  "object": {
    "pins": [
      {
        "package": "swift-argument-parser",
        "repositoryURL": "https://github.com/apple/swift-argument-parser",
        "state": {
          "branch": null,
          "revision": "83b23d940471b313427da226196661856f6ba3e0",
          "version": "0.4.4"
        }
      },
      {
        "package": "swift-commands",
        "repositoryURL": "https://github.com/qiuzhifei/swift-commands",
        "state": {
          "branch": null,
          "revision": "55b5cccb0d5068e0c6a291caa31322f98b9cc6fc",
          "version": "0.5.0"
        }
      }
    ]
  },
  "version": 1
}
